// !$*UTF8*$!
{
	archiveVersion = 1;
	classes = {
	};
	objectVersion = 50;
	objects = {

/* Begin PBXBuildFile section */
		A503C59621013AB80056460B /* DiscoverPodcastCollectionCell.swift in Sources */ = {isa = PBXBuildFile; fileRef = A503C59521013AB80056460B /* DiscoverPodcastCollectionCell.swift */; };
		A53A2ACB20F96A96002DEA45 /* EpisodeDataStack.swift in Sources */ = {isa = PBXBuildFile; fileRef = A53A2ACA20F96A96002DEA45 /* EpisodeDataStack.swift */; };
		A53A2ACD20F97616002DEA45 /* EpisodeBuilder.swift in Sources */ = {isa = PBXBuildFile; fileRef = A53A2ACC20F97616002DEA45 /* EpisodeBuilder.swift */; };
		A53A2ACF20F98006002DEA45 /* EpisodeTableViewDataSource.swift in Sources */ = {isa = PBXBuildFile; fileRef = A53A2ACE20F98006002DEA45 /* EpisodeTableViewDataSource.swift */; };
		A53A2AD220FADFA4002DEA45 /* DarwinStartViewController.swift in Sources */ = {isa = PBXBuildFile; fileRef = A53A2AD120FADFA4002DEA45 /* DarwinStartViewController.swift */; };
		A53A2AD420FC1E69002DEA45 /* DarwinTabBarController.swift in Sources */ = {isa = PBXBuildFile; fileRef = A53A2AD320FC1E69002DEA45 /* DarwinTabBarController.swift */; };
		A53A2AD620FC1EF0002DEA45 /* DiscoverNavigationController.swift in Sources */ = {isa = PBXBuildFile; fileRef = A53A2AD520FC1EF0002DEA45 /* DiscoverNavigationController.swift */; };
		A53A2AD920FCA572002DEA45 /* HearThisPlayer.swift in Sources */ = {isa = PBXBuildFile; fileRef = A53A2AD820FCA572002DEA45 /* HearThisPlayer.swift */; };
		A53A2ADE20FD69A7002DEA45 /* EpisodeListHeaderView.swift in Sources */ = {isa = PBXBuildFile; fileRef = A53A2ADD20FD69A7002DEA45 /* EpisodeListHeaderView.swift */; };
		A553208D2102B1530035CDDA /* SearchResultTableViewController.swift in Sources */ = {isa = PBXBuildFile; fileRef = A553208C2102B1530035CDDA /* SearchResultTableViewController.swift */; };
		A5532090210306B80035CDDA /* SearchResultTableCell.swift in Sources */ = {isa = PBXBuildFile; fileRef = A553208F210306B80035CDDA /* SearchResultTableCell.swift */; };
		A5532092210312800035CDDA /* Constant.swift in Sources */ = {isa = PBXBuildFile; fileRef = A5532091210312800035CDDA /* Constant.swift */; };
		A5532098210688D70035CDDA /* UserHomeViewController.swift in Sources */ = {isa = PBXBuildFile; fileRef = A5532097210688D70035CDDA /* UserHomeViewController.swift */; };
		A5AE3C772106997A002EAD0B /* LoginViewController.swift in Sources */ = {isa = PBXBuildFile; fileRef = A5AE3C762106997A002EAD0B /* LoginViewController.swift */; };
		A5AE3C7A21069C08002EAD0B /* FacebookLoginButton.swift in Sources */ = {isa = PBXBuildFile; fileRef = A5AE3C7921069C08002EAD0B /* FacebookLoginButton.swift */; };
		A5AE3C7E21069C13002EAD0B /* LoginButton.swift in Sources */ = {isa = PBXBuildFile; fileRef = A5AE3C7B21069C13002EAD0B /* LoginButton.swift */; };
		A5AE3C7F21069C13002EAD0B /* LoginTextField.swift in Sources */ = {isa = PBXBuildFile; fileRef = A5AE3C7C21069C13002EAD0B /* LoginTextField.swift */; };
		A5AE3C8021069C13002EAD0B /* TwitterLoginButton.swift in Sources */ = {isa = PBXBuildFile; fileRef = A5AE3C7D21069C13002EAD0B /* TwitterLoginButton.swift */; };
		A5E0B0DE20F1856600F00F43 /* AppDelegate.swift in Sources */ = {isa = PBXBuildFile; fileRef = A5E0B0DD20F1856600F00F43 /* AppDelegate.swift */; };
		A5E0B0E020F1856600F00F43 /* DiscoverViewController.swift in Sources */ = {isa = PBXBuildFile; fileRef = A5E0B0DF20F1856600F00F43 /* DiscoverViewController.swift */; };
		A5E0B0E320F1856600F00F43 /* Main.storyboard in Resources */ = {isa = PBXBuildFile; fileRef = A5E0B0E120F1856600F00F43 /* Main.storyboard */; };
		A5E0B0E620F1856600F00F43 /* Darwin_iOS.xcdatamodeld in Sources */ = {isa = PBXBuildFile; fileRef = A5E0B0E420F1856600F00F43 /* Darwin_iOS.xcdatamodeld */; };
		A5E0B0E820F1856600F00F43 /* Assets.xcassets in Resources */ = {isa = PBXBuildFile; fileRef = A5E0B0E720F1856600F00F43 /* Assets.xcassets */; };
		A5E0B0EB20F1856600F00F43 /* LaunchScreen.storyboard in Resources */ = {isa = PBXBuildFile; fileRef = A5E0B0E920F1856600F00F43 /* LaunchScreen.storyboard */; };
		A5E0B0F620F1856600F00F43 /* Darwin_iOSTests.swift in Sources */ = {isa = PBXBuildFile; fileRef = A5E0B0F520F1856600F00F43 /* Darwin_iOSTests.swift */; };
		A5E0B10120F1856600F00F43 /* Darwin_iOSUITests.swift in Sources */ = {isa = PBXBuildFile; fileRef = A5E0B10020F1856600F00F43 /* Darwin_iOSUITests.swift */; };
		A5E0B11020F1995700F00F43 /* Podcast.swift in Sources */ = {isa = PBXBuildFile; fileRef = A5E0B10F20F1995700F00F43 /* Podcast.swift */; };
		A5E0B11320F19D7E00F00F43 /* TrackSubscriber.swift in Sources */ = {isa = PBXBuildFile; fileRef = A5E0B11220F19D7E00F00F43 /* TrackSubscriber.swift */; };
		A5E0B11620F1A0FB00F00F43 /* DataStack.swift in Sources */ = {isa = PBXBuildFile; fileRef = A5E0B11520F1A0FB00F00F43 /* DataStack.swift */; };
		A5E0B11820F1A12500F00F43 /* PodcastBuilder.swift in Sources */ = {isa = PBXBuildFile; fileRef = A5E0B11720F1A12500F00F43 /* PodcastBuilder.swift */; };
		A5E0B11A20F1A39F00F00F43 /* PodcastCollectionDatasource.swift in Sources */ = {isa = PBXBuildFile; fileRef = A5E0B11920F1A39F00F00F43 /* PodcastCollectionDatasource.swift */; };
		A5E0B11D20F1AA3F00F00F43 /* LoadImage.swift in Sources */ = {isa = PBXBuildFile; fileRef = A5E0B11C20F1AA3F00F00F43 /* LoadImage.swift */; };
		A5E0B12120F1B06100F00F43 /* FloatingPlayerViewController.swift in Sources */ = {isa = PBXBuildFile; fileRef = A5E0B12020F1B06100F00F43 /* FloatingPlayerViewController.swift */; };
		A5E0B13420F3FAE100F00F43 /* SnapShot.swift in Sources */ = {isa = PBXBuildFile; fileRef = A5E0B13320F3FAE100F00F43 /* SnapShot.swift */; };
		A5E0B13620F3FCD300F00F43 /* ExpandingPlayerViewController.swift in Sources */ = {isa = PBXBuildFile; fileRef = A5E0B13520F3FCD300F00F43 /* ExpandingPlayerViewController.swift */; };
		A5E0B13820F42EF600F00F43 /* EpisodePlayViewController.swift in Sources */ = {isa = PBXBuildFile; fileRef = A5E0B13720F42EF600F00F43 /* EpisodePlayViewController.swift */; };
		A5E0B13A20F8037100F00F43 /* EpisodeListViewController.swift in Sources */ = {isa = PBXBuildFile; fileRef = A5E0B13920F8037100F00F43 /* EpisodeListViewController.swift */; };
		A5E0B13C20F83A4900F00F43 /* Episode.swift in Sources */ = {isa = PBXBuildFile; fileRef = A5E0B13B20F83A4900F00F43 /* Episode.swift */; };
		A5E0B13E20F962FC00F00F43 /* EpisodeListTableViewCell.swift in Sources */ = {isa = PBXBuildFile; fileRef = A5E0B13D20F962FC00F00F43 /* EpisodeListTableViewCell.swift */; };
/* End PBXBuildFile section */

/* Begin PBXContainerItemProxy section */
		A5E0B0F220F1856600F00F43 /* PBXContainerItemProxy */ = {
			isa = PBXContainerItemProxy;
			containerPortal = A5E0B0D220F1856600F00F43 /* Project object */;
			proxyType = 1;
			remoteGlobalIDString = A5E0B0D920F1856600F00F43;
			remoteInfo = "Darwin-iOS";
		};
		A5E0B0FD20F1856600F00F43 /* PBXContainerItemProxy */ = {
			isa = PBXContainerItemProxy;
			containerPortal = A5E0B0D220F1856600F00F43 /* Project object */;
			proxyType = 1;
			remoteGlobalIDString = A5E0B0D920F1856600F00F43;
			remoteInfo = "Darwin-iOS";
		};
/* End PBXContainerItemProxy section */

/* Begin PBXFileReference section */
		A503C59521013AB80056460B /* DiscoverPodcastCollectionCell.swift */ = {isa = PBXFileReference; lastKnownFileType = sourcecode.swift; path = DiscoverPodcastCollectionCell.swift; sourceTree = "<group>"; };
		A53A2ACA20F96A96002DEA45 /* EpisodeDataStack.swift */ = {isa = PBXFileReference; lastKnownFileType = sourcecode.swift; path = EpisodeDataStack.swift; sourceTree = "<group>"; };
		A53A2ACC20F97616002DEA45 /* EpisodeBuilder.swift */ = {isa = PBXFileReference; lastKnownFileType = sourcecode.swift; path = EpisodeBuilder.swift; sourceTree = "<group>"; };
		A53A2ACE20F98006002DEA45 /* EpisodeTableViewDataSource.swift */ = {isa = PBXFileReference; lastKnownFileType = sourcecode.swift; path = EpisodeTableViewDataSource.swift; sourceTree = "<group>"; };
		A53A2AD120FADFA4002DEA45 /* DarwinStartViewController.swift */ = {isa = PBXFileReference; lastKnownFileType = sourcecode.swift; path = DarwinStartViewController.swift; sourceTree = "<group>"; };
		A53A2AD320FC1E69002DEA45 /* DarwinTabBarController.swift */ = {isa = PBXFileReference; lastKnownFileType = sourcecode.swift; path = DarwinTabBarController.swift; sourceTree = "<group>"; };
		A53A2AD520FC1EF0002DEA45 /* DiscoverNavigationController.swift */ = {isa = PBXFileReference; lastKnownFileType = sourcecode.swift; path = DiscoverNavigationController.swift; sourceTree = "<group>"; };
		A53A2AD820FCA572002DEA45 /* HearThisPlayer.swift */ = {isa = PBXFileReference; lastKnownFileType = sourcecode.swift; path = HearThisPlayer.swift; sourceTree = "<group>"; };
		A53A2ADD20FD69A7002DEA45 /* EpisodeListHeaderView.swift */ = {isa = PBXFileReference; lastKnownFileType = sourcecode.swift; path = EpisodeListHeaderView.swift; sourceTree = "<group>"; };
		A553208C2102B1530035CDDA /* SearchResultTableViewController.swift */ = {isa = PBXFileReference; lastKnownFileType = sourcecode.swift; path = SearchResultTableViewController.swift; sourceTree = "<group>"; };
		A553208F210306B80035CDDA /* SearchResultTableCell.swift */ = {isa = PBXFileReference; lastKnownFileType = sourcecode.swift; path = SearchResultTableCell.swift; sourceTree = "<group>"; };
		A5532091210312800035CDDA /* Constant.swift */ = {isa = PBXFileReference; lastKnownFileType = sourcecode.swift; path = Constant.swift; sourceTree = "<group>"; };
		A5532097210688D70035CDDA /* UserHomeViewController.swift */ = {isa = PBXFileReference; lastKnownFileType = sourcecode.swift; path = UserHomeViewController.swift; sourceTree = "<group>"; };
		A5AE3C762106997A002EAD0B /* LoginViewController.swift */ = {isa = PBXFileReference; lastKnownFileType = sourcecode.swift; path = LoginViewController.swift; sourceTree = "<group>"; };
		A5AE3C7921069C08002EAD0B /* FacebookLoginButton.swift */ = {isa = PBXFileReference; fileEncoding = 4; lastKnownFileType = sourcecode.swift; path = FacebookLoginButton.swift; sourceTree = "<group>"; };
		A5AE3C7B21069C13002EAD0B /* LoginButton.swift */ = {isa = PBXFileReference; fileEncoding = 4; lastKnownFileType = sourcecode.swift; path = LoginButton.swift; sourceTree = "<group>"; };
		A5AE3C7C21069C13002EAD0B /* LoginTextField.swift */ = {isa = PBXFileReference; fileEncoding = 4; lastKnownFileType = sourcecode.swift; path = LoginTextField.swift; sourceTree = "<group>"; };
		A5AE3C7D21069C13002EAD0B /* TwitterLoginButton.swift */ = {isa = PBXFileReference; fileEncoding = 4; lastKnownFileType = sourcecode.swift; path = TwitterLoginButton.swift; sourceTree = "<group>"; };
		A5E0B0DA20F1856600F00F43 /* Darwin-iOS.app */ = {isa = PBXFileReference; explicitFileType = wrapper.application; includeInIndex = 0; path = "Darwin-iOS.app"; sourceTree = BUILT_PRODUCTS_DIR; };
		A5E0B0DD20F1856600F00F43 /* AppDelegate.swift */ = {isa = PBXFileReference; lastKnownFileType = sourcecode.swift; path = AppDelegate.swift; sourceTree = "<group>"; };
		A5E0B0DF20F1856600F00F43 /* DiscoverViewController.swift */ = {isa = PBXFileReference; lastKnownFileType = sourcecode.swift; path = DiscoverViewController.swift; sourceTree = "<group>"; };
		A5E0B0E220F1856600F00F43 /* Base */ = {isa = PBXFileReference; lastKnownFileType = file.storyboard; name = Base; path = Base.lproj/Main.storyboard; sourceTree = "<group>"; };
		A5E0B0E520F1856600F00F43 /* Darwin_iOS.xcdatamodel */ = {isa = PBXFileReference; lastKnownFileType = wrapper.xcdatamodel; path = Darwin_iOS.xcdatamodel; sourceTree = "<group>"; };
		A5E0B0E720F1856600F00F43 /* Assets.xcassets */ = {isa = PBXFileReference; lastKnownFileType = folder.assetcatalog; path = Assets.xcassets; sourceTree = "<group>"; };
		A5E0B0EA20F1856600F00F43 /* Base */ = {isa = PBXFileReference; lastKnownFileType = file.storyboard; name = Base; path = Base.lproj/LaunchScreen.storyboard; sourceTree = "<group>"; };
		A5E0B0EC20F1856600F00F43 /* Info.plist */ = {isa = PBXFileReference; lastKnownFileType = text.plist.xml; path = Info.plist; sourceTree = "<group>"; };
		A5E0B0F120F1856600F00F43 /* Darwin-iOSTests.xctest */ = {isa = PBXFileReference; explicitFileType = wrapper.cfbundle; includeInIndex = 0; path = "Darwin-iOSTests.xctest"; sourceTree = BUILT_PRODUCTS_DIR; };
		A5E0B0F520F1856600F00F43 /* Darwin_iOSTests.swift */ = {isa = PBXFileReference; lastKnownFileType = sourcecode.swift; path = Darwin_iOSTests.swift; sourceTree = "<group>"; };
		A5E0B0F720F1856600F00F43 /* Info.plist */ = {isa = PBXFileReference; lastKnownFileType = text.plist.xml; path = Info.plist; sourceTree = "<group>"; };
		A5E0B0FC20F1856600F00F43 /* Darwin-iOSUITests.xctest */ = {isa = PBXFileReference; explicitFileType = wrapper.cfbundle; includeInIndex = 0; path = "Darwin-iOSUITests.xctest"; sourceTree = BUILT_PRODUCTS_DIR; };
		A5E0B10020F1856600F00F43 /* Darwin_iOSUITests.swift */ = {isa = PBXFileReference; lastKnownFileType = sourcecode.swift; path = Darwin_iOSUITests.swift; sourceTree = "<group>"; };
		A5E0B10220F1856600F00F43 /* Info.plist */ = {isa = PBXFileReference; lastKnownFileType = text.plist.xml; path = Info.plist; sourceTree = "<group>"; };
		A5E0B10F20F1995700F00F43 /* Podcast.swift */ = {isa = PBXFileReference; lastKnownFileType = sourcecode.swift; path = Podcast.swift; sourceTree = "<group>"; };
		A5E0B11220F19D7E00F00F43 /* TrackSubscriber.swift */ = {isa = PBXFileReference; lastKnownFileType = sourcecode.swift; path = TrackSubscriber.swift; sourceTree = "<group>"; };
		A5E0B11520F1A0FB00F00F43 /* DataStack.swift */ = {isa = PBXFileReference; lastKnownFileType = sourcecode.swift; path = DataStack.swift; sourceTree = "<group>"; };
		A5E0B11720F1A12500F00F43 /* PodcastBuilder.swift */ = {isa = PBXFileReference; lastKnownFileType = sourcecode.swift; path = PodcastBuilder.swift; sourceTree = "<group>"; };
		A5E0B11920F1A39F00F00F43 /* PodcastCollectionDatasource.swift */ = {isa = PBXFileReference; lastKnownFileType = sourcecode.swift; path = PodcastCollectionDatasource.swift; sourceTree = "<group>"; };
		A5E0B11C20F1AA3F00F00F43 /* LoadImage.swift */ = {isa = PBXFileReference; lastKnownFileType = sourcecode.swift; path = LoadImage.swift; sourceTree = "<group>"; };
		A5E0B12020F1B06100F00F43 /* FloatingPlayerViewController.swift */ = {isa = PBXFileReference; lastKnownFileType = sourcecode.swift; path = FloatingPlayerViewController.swift; sourceTree = "<group>"; };
		A5E0B13320F3FAE100F00F43 /* SnapShot.swift */ = {isa = PBXFileReference; lastKnownFileType = sourcecode.swift; path = SnapShot.swift; sourceTree = "<group>"; };
		A5E0B13520F3FCD300F00F43 /* ExpandingPlayerViewController.swift */ = {isa = PBXFileReference; lastKnownFileType = sourcecode.swift; path = ExpandingPlayerViewController.swift; sourceTree = "<group>"; };
		A5E0B13720F42EF600F00F43 /* EpisodePlayViewController.swift */ = {isa = PBXFileReference; lastKnownFileType = sourcecode.swift; path = EpisodePlayViewController.swift; sourceTree = "<group>"; };
		A5E0B13920F8037100F00F43 /* EpisodeListViewController.swift */ = {isa = PBXFileReference; lastKnownFileType = sourcecode.swift; path = EpisodeListViewController.swift; sourceTree = "<group>"; };
		A5E0B13B20F83A4900F00F43 /* Episode.swift */ = {isa = PBXFileReference; lastKnownFileType = sourcecode.swift; path = Episode.swift; sourceTree = "<group>"; };
		A5E0B13D20F962FC00F00F43 /* EpisodeListTableViewCell.swift */ = {isa = PBXFileReference; lastKnownFileType = sourcecode.swift; path = EpisodeListTableViewCell.swift; sourceTree = "<group>"; };
/* End PBXFileReference section */

/* Begin PBXFrameworksBuildPhase section */
		A5E0B0D720F1856600F00F43 /* Frameworks */ = {
			isa = PBXFrameworksBuildPhase;
			buildActionMask = 2147483647;
			files = (
			);
			runOnlyForDeploymentPostprocessing = 0;
		};
		A5E0B0EE20F1856600F00F43 /* Frameworks */ = {
			isa = PBXFrameworksBuildPhase;
			buildActionMask = 2147483647;
			files = (
			);
			runOnlyForDeploymentPostprocessing = 0;
		};
		A5E0B0F920F1856600F00F43 /* Frameworks */ = {
			isa = PBXFrameworksBuildPhase;
			buildActionMask = 2147483647;
			files = (
			);
			runOnlyForDeploymentPostprocessing = 0;
		};
/* End PBXFrameworksBuildPhase section */

/* Begin PBXGroup section */
		A53A2AD020FA9513002DEA45 /* Discover */ = {
			isa = PBXGroup;
			children = (
				A553208E2102B15C0035CDDA /* Search */,
				A53A2AD520FC1EF0002DEA45 /* DiscoverNavigationController.swift */,
				A5E0B0DF20F1856600F00F43 /* DiscoverViewController.swift */,
				A5E0B13920F8037100F00F43 /* EpisodeListViewController.swift */,
			);
			path = Discover;
			sourceTree = "<group>";
		};
		A53A2ADA20FD5D34002DEA45 /* Player Controller */ = {
			isa = PBXGroup;
			children = (
				A5E0B12020F1B06100F00F43 /* FloatingPlayerViewController.swift */,
				A5E0B13720F42EF600F00F43 /* EpisodePlayViewController.swift */,
			);
			path = "Player Controller";
			sourceTree = "<group>";
		};
		A553208A210298680035CDDA /* Collection */ = {
			isa = PBXGroup;
			children = (
			);
			path = Collection;
			sourceTree = "<group>";
		};
		A553208B210298860035CDDA /* Settings */ = {
			isa = PBXGroup;
			children = (
				A5532097210688D70035CDDA /* UserHomeViewController.swift */,
				A5AE3C762106997A002EAD0B /* LoginViewController.swift */,
			);
			path = Settings;
			sourceTree = "<group>";
		};
		A553208E2102B15C0035CDDA /* Search */ = {
			isa = PBXGroup;
			children = (
				A553208C2102B1530035CDDA /* SearchResultTableViewController.swift */,
			);
			path = Search;
			sourceTree = "<group>";
		};
		A55320952105CD9C0035CDDA /* View */ = {
			isa = PBXGroup;
			children = (
				A5E0B0E120F1856600F00F43 /* Main.storyboard */,
				A503C59521013AB80056460B /* DiscoverPodcastCollectionCell.swift */,
				A553208F210306B80035CDDA /* SearchResultTableCell.swift */,
				A5E0B13D20F962FC00F00F43 /* EpisodeListTableViewCell.swift */,
				A53A2ADD20FD69A7002DEA45 /* EpisodeListHeaderView.swift */,
				A55320962106874E0035CDDA /* Player View */,
				A5AE3C7821069BCC002EAD0B /* Login View */,
			);
			path = View;
			sourceTree = "<group>";
		};
		A55320962106874E0035CDDA /* Player View */ = {
			isa = PBXGroup;
			children = (
				A5E0B13520F3FCD300F00F43 /* ExpandingPlayerViewController.swift */,
			);
			path = "Player View";
			sourceTree = "<group>";
		};
		A5AE3C7821069BCC002EAD0B /* Login View */ = {
			isa = PBXGroup;
			children = (
				A5AE3C7921069C08002EAD0B /* FacebookLoginButton.swift */,
				A5AE3C7B21069C13002EAD0B /* LoginButton.swift */,
				A5AE3C7C21069C13002EAD0B /* LoginTextField.swift */,
				A5AE3C7D21069C13002EAD0B /* TwitterLoginButton.swift */,
			);
			path = "Login View";
			sourceTree = "<group>";
		};
		A5E0B0D120F1856600F00F43 = {
			isa = PBXGroup;
			children = (
				A5E0B0DC20F1856600F00F43 /* Darwin-iOS */,
				A5E0B0F420F1856600F00F43 /* Darwin-iOSTests */,
				A5E0B0FF20F1856600F00F43 /* Darwin-iOSUITests */,
				A5E0B0DB20F1856600F00F43 /* Products */,
			);
			sourceTree = "<group>";
		};
		A5E0B0DB20F1856600F00F43 /* Products */ = {
			isa = PBXGroup;
			children = (
				A5E0B0DA20F1856600F00F43 /* Darwin-iOS.app */,
				A5E0B0F120F1856600F00F43 /* Darwin-iOSTests.xctest */,
				A5E0B0FC20F1856600F00F43 /* Darwin-iOSUITests.xctest */,
			);
			name = Products;
			sourceTree = "<group>";
		};
		A5E0B0DC20F1856600F00F43 /* Darwin-iOS */ = {
			isa = PBXGroup;
			children = (
				A5E0B11B20F1AA2600F00F43 /* Helper */,
				A55320952105CD9C0035CDDA /* View */,
				A5E0B11120F19AC900F00F43 /* Controller */,
				A5E0B11420F1A07B00F00F43 /* Data */,
				A5E0B10E20F198A500F00F43 /* Model */,
				A5E0B0DD20F1856600F00F43 /* AppDelegate.swift */,
				A5E0B0E720F1856600F00F43 /* Assets.xcassets */,
				A5E0B0E920F1856600F00F43 /* LaunchScreen.storyboard */,
				A5E0B0EC20F1856600F00F43 /* Info.plist */,
				A5E0B0E420F1856600F00F43 /* Darwin_iOS.xcdatamodeld */,
			);
			path = "Darwin-iOS";
			sourceTree = "<group>";
		};
		A5E0B0F420F1856600F00F43 /* Darwin-iOSTests */ = {
			isa = PBXGroup;
			children = (
				A5E0B0F520F1856600F00F43 /* Darwin_iOSTests.swift */,
				A5E0B0F720F1856600F00F43 /* Info.plist */,
			);
			path = "Darwin-iOSTests";
			sourceTree = "<group>";
		};
		A5E0B0FF20F1856600F00F43 /* Darwin-iOSUITests */ = {
			isa = PBXGroup;
			children = (
				A5E0B10020F1856600F00F43 /* Darwin_iOSUITests.swift */,
				A5E0B10220F1856600F00F43 /* Info.plist */,
			);
			path = "Darwin-iOSUITests";
			sourceTree = "<group>";
		};
		A5E0B10E20F198A500F00F43 /* Model */ = {
			isa = PBXGroup;
			children = (
				A5E0B10F20F1995700F00F43 /* Podcast.swift */,
				A5E0B13B20F83A4900F00F43 /* Episode.swift */,
				A5E0B11220F19D7E00F00F43 /* TrackSubscriber.swift */,
				A53A2AD820FCA572002DEA45 /* HearThisPlayer.swift */,
			);
			path = Model;
			sourceTree = "<group>";
		};
		A5E0B11120F19AC900F00F43 /* Controller */ = {
			isa = PBXGroup;
			children = (
				A53A2AD120FADFA4002DEA45 /* DarwinStartViewController.swift */,
				A53A2AD320FC1E69002DEA45 /* DarwinTabBarController.swift */,
				A53A2AD020FA9513002DEA45 /* Discover */,
				A553208A210298680035CDDA /* Collection */,
				A553208B210298860035CDDA /* Settings */,
				A53A2ADA20FD5D34002DEA45 /* Player Controller */,
			);
			path = Controller;
			sourceTree = "<group>";
		};
		A5E0B11420F1A07B00F00F43 /* Data */ = {
			isa = PBXGroup;
			children = (
				A5E0B11520F1A0FB00F00F43 /* DataStack.swift */,
				A5E0B11720F1A12500F00F43 /* PodcastBuilder.swift */,
				A5E0B11920F1A39F00F00F43 /* PodcastCollectionDatasource.swift */,
				A53A2ACA20F96A96002DEA45 /* EpisodeDataStack.swift */,
				A53A2ACC20F97616002DEA45 /* EpisodeBuilder.swift */,
				A53A2ACE20F98006002DEA45 /* EpisodeTableViewDataSource.swift */,
			);
			path = Data;
			sourceTree = "<group>";
		};
		A5E0B11B20F1AA2600F00F43 /* Helper */ = {
			isa = PBXGroup;
			children = (
				A5E0B11C20F1AA3F00F00F43 /* LoadImage.swift */,
				A5E0B13320F3FAE100F00F43 /* SnapShot.swift */,
				A5532091210312800035CDDA /* Constant.swift */,
			);
			path = Helper;
			sourceTree = "<group>";
		};
/* End PBXGroup section */

/* Begin PBXNativeTarget section */
		A5E0B0D920F1856600F00F43 /* Darwin-iOS */ = {
			isa = PBXNativeTarget;
			buildConfigurationList = A5E0B10520F1856600F00F43 /* Build configuration list for PBXNativeTarget "Darwin-iOS" */;
			buildPhases = (
				A5E0B0D620F1856600F00F43 /* Sources */,
				A5E0B0D720F1856600F00F43 /* Frameworks */,
				A5E0B0D820F1856600F00F43 /* Resources */,
			);
			buildRules = (
			);
			dependencies = (
			);
			name = "Darwin-iOS";
			productName = "Darwin-iOS";
			productReference = A5E0B0DA20F1856600F00F43 /* Darwin-iOS.app */;
			productType = "com.apple.product-type.application";
		};
		A5E0B0F020F1856600F00F43 /* Darwin-iOSTests */ = {
			isa = PBXNativeTarget;
			buildConfigurationList = A5E0B10820F1856600F00F43 /* Build configuration list for PBXNativeTarget "Darwin-iOSTests" */;
			buildPhases = (
				A5E0B0ED20F1856600F00F43 /* Sources */,
				A5E0B0EE20F1856600F00F43 /* Frameworks */,
				A5E0B0EF20F1856600F00F43 /* Resources */,
			);
			buildRules = (
			);
			dependencies = (
				A5E0B0F320F1856600F00F43 /* PBXTargetDependency */,
			);
			name = "Darwin-iOSTests";
			productName = "Darwin-iOSTests";
			productReference = A5E0B0F120F1856600F00F43 /* Darwin-iOSTests.xctest */;
			productType = "com.apple.product-type.bundle.unit-test";
		};
		A5E0B0FB20F1856600F00F43 /* Darwin-iOSUITests */ = {
			isa = PBXNativeTarget;
			buildConfigurationList = A5E0B10B20F1856600F00F43 /* Build configuration list for PBXNativeTarget "Darwin-iOSUITests" */;
			buildPhases = (
				A5E0B0F820F1856600F00F43 /* Sources */,
				A5E0B0F920F1856600F00F43 /* Frameworks */,
				A5E0B0FA20F1856600F00F43 /* Resources */,
			);
			buildRules = (
			);
			dependencies = (
				A5E0B0FE20F1856600F00F43 /* PBXTargetDependency */,
			);
			name = "Darwin-iOSUITests";
			productName = "Darwin-iOSUITests";
			productReference = A5E0B0FC20F1856600F00F43 /* Darwin-iOSUITests.xctest */;
			productType = "com.apple.product-type.bundle.ui-testing";
		};
/* End PBXNativeTarget section */

/* Begin PBXProject section */
		A5E0B0D220F1856600F00F43 /* Project object */ = {
			isa = PBXProject;
			attributes = {
				LastSwiftUpdateCheck = 0940;
				LastUpgradeCheck = 0940;
				ORGANIZATIONNAME = Zixia;
				TargetAttributes = {
					A5E0B0D920F1856600F00F43 = {
						CreatedOnToolsVersion = 9.4.1;
					};
					A5E0B0F020F1856600F00F43 = {
						CreatedOnToolsVersion = 9.4.1;
						TestTargetID = A5E0B0D920F1856600F00F43;
					};
					A5E0B0FB20F1856600F00F43 = {
						CreatedOnToolsVersion = 9.4.1;
						TestTargetID = A5E0B0D920F1856600F00F43;
					};
				};
			};
			buildConfigurationList = A5E0B0D520F1856600F00F43 /* Build configuration list for PBXProject "Darwin-iOS" */;
			compatibilityVersion = "Xcode 9.3";
			developmentRegion = en;
			hasScannedForEncodings = 0;
			knownRegions = (
				en,
				Base,
			);
			mainGroup = A5E0B0D120F1856600F00F43;
			productRefGroup = A5E0B0DB20F1856600F00F43 /* Products */;
			projectDirPath = "";
			projectRoot = "";
			targets = (
				A5E0B0D920F1856600F00F43 /* Darwin-iOS */,
				A5E0B0F020F1856600F00F43 /* Darwin-iOSTests */,
				A5E0B0FB20F1856600F00F43 /* Darwin-iOSUITests */,
			);
		};
/* End PBXProject section */

/* Begin PBXResourcesBuildPhase section */
		A5E0B0D820F1856600F00F43 /* Resources */ = {
			isa = PBXResourcesBuildPhase;
			buildActionMask = 2147483647;
			files = (
				A5E0B0EB20F1856600F00F43 /* LaunchScreen.storyboard in Resources */,
				A5E0B0E820F1856600F00F43 /* Assets.xcassets in Resources */,
				A5E0B0E320F1856600F00F43 /* Main.storyboard in Resources */,
			);
			runOnlyForDeploymentPostprocessing = 0;
		};
		A5E0B0EF20F1856600F00F43 /* Resources */ = {
			isa = PBXResourcesBuildPhase;
			buildActionMask = 2147483647;
			files = (
			);
			runOnlyForDeploymentPostprocessing = 0;
		};
		A5E0B0FA20F1856600F00F43 /* Resources */ = {
			isa = PBXResourcesBuildPhase;
			buildActionMask = 2147483647;
			files = (
			);
			runOnlyForDeploymentPostprocessing = 0;
		};
/* End PBXResourcesBuildPhase section */

/* Begin PBXSourcesBuildPhase section */
		A5E0B0D620F1856600F00F43 /* Sources */ = {
			isa = PBXSourcesBuildPhase;
			buildActionMask = 2147483647;
			files = (
				A53A2AD220FADFA4002DEA45 /* DarwinStartViewController.swift in Sources */,
				A5AE3C7E21069C13002EAD0B /* LoginButton.swift in Sources */,
				A503C59621013AB80056460B /* DiscoverPodcastCollectionCell.swift in Sources */,
				A53A2AD920FCA572002DEA45 /* HearThisPlayer.swift in Sources */,
				A5E0B0E020F1856600F00F43 /* DiscoverViewController.swift in Sources */,
				A5E0B13E20F962FC00F00F43 /* EpisodeListTableViewCell.swift in Sources */,
				A5AE3C7F21069C13002EAD0B /* LoginTextField.swift in Sources */,
				A5E0B12120F1B06100F00F43 /* FloatingPlayerViewController.swift in Sources */,
				A5E0B0E620F1856600F00F43 /* Darwin_iOS.xcdatamodeld in Sources */,
				A5532092210312800035CDDA /* Constant.swift in Sources */,
				A5E0B11620F1A0FB00F00F43 /* DataStack.swift in Sources */,
				A53A2ACB20F96A96002DEA45 /* EpisodeDataStack.swift in Sources */,
				A5E0B11A20F1A39F00F00F43 /* PodcastCollectionDatasource.swift in Sources */,
				A5E0B13820F42EF600F00F43 /* EpisodePlayViewController.swift in Sources */,
				A5E0B11020F1995700F00F43 /* Podcast.swift in Sources */,
				A53A2AD620FC1EF0002DEA45 /* DiscoverNavigationController.swift in Sources */,
				A5E0B11820F1A12500F00F43 /* PodcastBuilder.swift in Sources */,
				A553208D2102B1530035CDDA /* SearchResultTableViewController.swift in Sources */,
				A5E0B13A20F8037100F00F43 /* EpisodeListViewController.swift in Sources */,
				A5532098210688D70035CDDA /* UserHomeViewController.swift in Sources */,
				A5AE3C772106997A002EAD0B /* LoginViewController.swift in Sources */,
				A53A2AD420FC1E69002DEA45 /* DarwinTabBarController.swift in Sources */,
				A53A2ADE20FD69A7002DEA45 /* EpisodeListHeaderView.swift in Sources */,
				A53A2ACD20F97616002DEA45 /* EpisodeBuilder.swift in Sources */,
				A5E0B13420F3FAE100F00F43 /* SnapShot.swift in Sources */,
				A5532090210306B80035CDDA /* SearchResultTableCell.swift in Sources */,
				A5AE3C7A21069C08002EAD0B /* FacebookLoginButton.swift in Sources */,
				A5AE3C8021069C13002EAD0B /* TwitterLoginButton.swift in Sources */,
				A5E0B13620F3FCD300F00F43 /* ExpandingPlayerViewController.swift in Sources */,
				A53A2ACF20F98006002DEA45 /* EpisodeTableViewDataSource.swift in Sources */,
				A5E0B11D20F1AA3F00F00F43 /* LoadImage.swift in Sources */,
				A5E0B11320F19D7E00F00F43 /* TrackSubscriber.swift in Sources */,
				A5E0B13C20F83A4900F00F43 /* Episode.swift in Sources */,
				A5E0B0DE20F1856600F00F43 /* AppDelegate.swift in Sources */,
			);
			runOnlyForDeploymentPostprocessing = 0;
		};
		A5E0B0ED20F1856600F00F43 /* Sources */ = {
			isa = PBXSourcesBuildPhase;
			buildActionMask = 2147483647;
			files = (
				A5E0B0F620F1856600F00F43 /* Darwin_iOSTests.swift in Sources */,
			);
			runOnlyForDeploymentPostprocessing = 0;
		};
		A5E0B0F820F1856600F00F43 /* Sources */ = {
			isa = PBXSourcesBuildPhase;
			buildActionMask = 2147483647;
			files = (
				A5E0B10120F1856600F00F43 /* Darwin_iOSUITests.swift in Sources */,
			);
			runOnlyForDeploymentPostprocessing = 0;
		};
/* End PBXSourcesBuildPhase section */

/* Begin PBXTargetDependency section */
		A5E0B0F320F1856600F00F43 /* PBXTargetDependency */ = {
			isa = PBXTargetDependency;
			target = A5E0B0D920F1856600F00F43 /* Darwin-iOS */;
			targetProxy = A5E0B0F220F1856600F00F43 /* PBXContainerItemProxy */;
		};
		A5E0B0FE20F1856600F00F43 /* PBXTargetDependency */ = {
			isa = PBXTargetDependency;
			target = A5E0B0D920F1856600F00F43 /* Darwin-iOS */;
			targetProxy = A5E0B0FD20F1856600F00F43 /* PBXContainerItemProxy */;
		};
/* End PBXTargetDependency section */

/* Begin PBXVariantGroup section */
		A5E0B0E120F1856600F00F43 /* Main.storyboard */ = {
			isa = PBXVariantGroup;
			children = (
				A5E0B0E220F1856600F00F43 /* Base */,
			);
			name = Main.storyboard;
			sourceTree = "<group>";
		};
		A5E0B0E920F1856600F00F43 /* LaunchScreen.storyboard */ = {
			isa = PBXVariantGroup;
			children = (
				A5E0B0EA20F1856600F00F43 /* Base */,
			);
			name = LaunchScreen.storyboard;
			sourceTree = "<group>";
		};
/* End PBXVariantGroup section */

/* Begin XCBuildConfiguration section */
		A5E0B10320F1856600F00F43 /* Debug */ = {
			isa = XCBuildConfiguration;
			buildSettings = {
				ALWAYS_SEARCH_USER_PATHS = NO;
				CLANG_ANALYZER_NONNULL = YES;
				CLANG_ANALYZER_NUMBER_OBJECT_CONVERSION = YES_AGGRESSIVE;
				CLANG_CXX_LANGUAGE_STANDARD = "gnu++14";
				CLANG_CXX_LIBRARY = "libc++";
				CLANG_ENABLE_MODULES = YES;
				CLANG_ENABLE_OBJC_ARC = YES;
				CLANG_ENABLE_OBJC_WEAK = YES;
				CLANG_WARN_BLOCK_CAPTURE_AUTORELEASING = YES;
				CLANG_WARN_BOOL_CONVERSION = YES;
				CLANG_WARN_COMMA = YES;
				CLANG_WARN_CONSTANT_CONVERSION = YES;
				CLANG_WARN_DEPRECATED_OBJC_IMPLEMENTATIONS = YES;
				CLANG_WARN_DIRECT_OBJC_ISA_USAGE = YES_ERROR;
				CLANG_WARN_DOCUMENTATION_COMMENTS = YES;
				CLANG_WARN_EMPTY_BODY = YES;
				CLANG_WARN_ENUM_CONVERSION = YES;
				CLANG_WARN_INFINITE_RECURSION = YES;
				CLANG_WARN_INT_CONVERSION = YES;
				CLANG_WARN_NON_LITERAL_NULL_CONVERSION = YES;
				CLANG_WARN_OBJC_IMPLICIT_RETAIN_SELF = YES;
				CLANG_WARN_OBJC_LITERAL_CONVERSION = YES;
				CLANG_WARN_OBJC_ROOT_CLASS = YES_ERROR;
				CLANG_WARN_RANGE_LOOP_ANALYSIS = YES;
				CLANG_WARN_STRICT_PROTOTYPES = YES;
				CLANG_WARN_SUSPICIOUS_MOVE = YES;
				CLANG_WARN_UNGUARDED_AVAILABILITY = YES_AGGRESSIVE;
				CLANG_WARN_UNREACHABLE_CODE = YES;
				CLANG_WARN__DUPLICATE_METHOD_MATCH = YES;
				CODE_SIGN_IDENTITY = "iPhone Developer";
				COPY_PHASE_STRIP = NO;
				DEBUG_INFORMATION_FORMAT = dwarf;
				ENABLE_STRICT_OBJC_MSGSEND = YES;
				ENABLE_TESTABILITY = YES;
				GCC_C_LANGUAGE_STANDARD = gnu11;
				GCC_DYNAMIC_NO_PIC = NO;
				GCC_NO_COMMON_BLOCKS = YES;
				GCC_OPTIMIZATION_LEVEL = 0;
				GCC_PREPROCESSOR_DEFINITIONS = (
					"DEBUG=1",
					"$(inherited)",
				);
				GCC_WARN_64_TO_32_BIT_CONVERSION = YES;
				GCC_WARN_ABOUT_RETURN_TYPE = YES_ERROR;
				GCC_WARN_UNDECLARED_SELECTOR = YES;
				GCC_WARN_UNINITIALIZED_AUTOS = YES_AGGRESSIVE;
				GCC_WARN_UNUSED_FUNCTION = YES;
				GCC_WARN_UNUSED_VARIABLE = YES;
				IPHONEOS_DEPLOYMENT_TARGET = 11.4;
				MTL_ENABLE_DEBUG_INFO = YES;
				ONLY_ACTIVE_ARCH = YES;
				SDKROOT = iphoneos;
				SWIFT_ACTIVE_COMPILATION_CONDITIONS = DEBUG;
				SWIFT_OPTIMIZATION_LEVEL = "-Onone";
			};
			name = Debug;
		};
		A5E0B10420F1856600F00F43 /* Release */ = {
			isa = XCBuildConfiguration;
			buildSettings = {
				ALWAYS_SEARCH_USER_PATHS = NO;
				CLANG_ANALYZER_NONNULL = YES;
				CLANG_ANALYZER_NUMBER_OBJECT_CONVERSION = YES_AGGRESSIVE;
				CLANG_CXX_LANGUAGE_STANDARD = "gnu++14";
				CLANG_CXX_LIBRARY = "libc++";
				CLANG_ENABLE_MODULES = YES;
				CLANG_ENABLE_OBJC_ARC = YES;
				CLANG_ENABLE_OBJC_WEAK = YES;
				CLANG_WARN_BLOCK_CAPTURE_AUTORELEASING = YES;
				CLANG_WARN_BOOL_CONVERSION = YES;
				CLANG_WARN_COMMA = YES;
				CLANG_WARN_CONSTANT_CONVERSION = YES;
				CLANG_WARN_DEPRECATED_OBJC_IMPLEMENTATIONS = YES;
				CLANG_WARN_DIRECT_OBJC_ISA_USAGE = YES_ERROR;
				CLANG_WARN_DOCUMENTATION_COMMENTS = YES;
				CLANG_WARN_EMPTY_BODY = YES;
				CLANG_WARN_ENUM_CONVERSION = YES;
				CLANG_WARN_INFINITE_RECURSION = YES;
				CLANG_WARN_INT_CONVERSION = YES;
				CLANG_WARN_NON_LITERAL_NULL_CONVERSION = YES;
				CLANG_WARN_OBJC_IMPLICIT_RETAIN_SELF = YES;
				CLANG_WARN_OBJC_LITERAL_CONVERSION = YES;
				CLANG_WARN_OBJC_ROOT_CLASS = YES_ERROR;
				CLANG_WARN_RANGE_LOOP_ANALYSIS = YES;
				CLANG_WARN_STRICT_PROTOTYPES = YES;
				CLANG_WARN_SUSPICIOUS_MOVE = YES;
				CLANG_WARN_UNGUARDED_AVAILABILITY = YES_AGGRESSIVE;
				CLANG_WARN_UNREACHABLE_CODE = YES;
				CLANG_WARN__DUPLICATE_METHOD_MATCH = YES;
				CODE_SIGN_IDENTITY = "iPhone Developer";
				COPY_PHASE_STRIP = NO;
				DEBUG_INFORMATION_FORMAT = "dwarf-with-dsym";
				ENABLE_NS_ASSERTIONS = NO;
				ENABLE_STRICT_OBJC_MSGSEND = YES;
				GCC_C_LANGUAGE_STANDARD = gnu11;
				GCC_NO_COMMON_BLOCKS = YES;
				GCC_WARN_64_TO_32_BIT_CONVERSION = YES;
				GCC_WARN_ABOUT_RETURN_TYPE = YES_ERROR;
				GCC_WARN_UNDECLARED_SELECTOR = YES;
				GCC_WARN_UNINITIALIZED_AUTOS = YES_AGGRESSIVE;
				GCC_WARN_UNUSED_FUNCTION = YES;
				GCC_WARN_UNUSED_VARIABLE = YES;
				IPHONEOS_DEPLOYMENT_TARGET = 11.4;
				MTL_ENABLE_DEBUG_INFO = NO;
				SDKROOT = iphoneos;
				SWIFT_COMPILATION_MODE = wholemodule;
				SWIFT_OPTIMIZATION_LEVEL = "-O";
				VALIDATE_PRODUCT = YES;
			};
			name = Release;
		};
		A5E0B10620F1856600F00F43 /* Debug */ = {
			isa = XCBuildConfiguration;
			buildSettings = {
				ASSETCATALOG_COMPILER_APPICON_NAME = AppIcon;
				CODE_SIGN_STYLE = Automatic;
				DEVELOPMENT_TEAM = 684HF2X5AW;
				INFOPLIST_FILE = "Darwin-iOS/Info.plist";
				LD_RUNPATH_SEARCH_PATHS = (
					"$(inherited)",
					"@executable_path/Frameworks",
				);
				PRODUCT_BUNDLE_IDENTIFIER = "Darwin.Darwin-iOS";
				PRODUCT_NAME = "$(TARGET_NAME)";
				SWIFT_VERSION = 4.0;
				TARGETED_DEVICE_FAMILY = "1,2";
			};
			name = Debug;
		};
		A5E0B10720F1856600F00F43 /* Release */ = {
			isa = XCBuildConfiguration;
			buildSettings = {
				ASSETCATALOG_COMPILER_APPICON_NAME = AppIcon;
				CODE_SIGN_STYLE = Automatic;
				DEVELOPMENT_TEAM = 684HF2X5AW;
				INFOPLIST_FILE = "Darwin-iOS/Info.plist";
				LD_RUNPATH_SEARCH_PATHS = (
					"$(inherited)",
					"@executable_path/Frameworks",
				);
				PRODUCT_BUNDLE_IDENTIFIER = "Darwin.Darwin-iOS";
				PRODUCT_NAME = "$(TARGET_NAME)";
				SWIFT_VERSION = 4.0;
				TARGETED_DEVICE_FAMILY = "1,2";
			};
			name = Release;
		};
		A5E0B10920F1856600F00F43 /* Debug */ = {
			isa = XCBuildConfiguration;
			buildSettings = {
				ALWAYS_EMBED_SWIFT_STANDARD_LIBRARIES = YES;
				BUNDLE_LOADER = "$(TEST_HOST)";
				CODE_SIGN_STYLE = Automatic;
				DEVELOPMENT_TEAM = 684HF2X5AW;
				INFOPLIST_FILE = "Darwin-iOSTests/Info.plist";
				LD_RUNPATH_SEARCH_PATHS = (
					"$(inherited)",
					"@executable_path/Frameworks",
					"@loader_path/Frameworks",
				);
				PRODUCT_BUNDLE_IDENTIFIER = "Darwin.Darwin-iOSTests";
				PRODUCT_NAME = "$(TARGET_NAME)";
				SWIFT_VERSION = 4.0;
				TARGETED_DEVICE_FAMILY = "1,2";
				TEST_HOST = "$(BUILT_PRODUCTS_DIR)/Darwin-iOS.app/Darwin-iOS";
			};
			name = Debug;
		};
		A5E0B10A20F1856600F00F43 /* Release */ = {
			isa = XCBuildConfiguration;
			buildSettings = {
				ALWAYS_EMBED_SWIFT_STANDARD_LIBRARIES = YES;
				BUNDLE_LOADER = "$(TEST_HOST)";
				CODE_SIGN_STYLE = Automatic;
				DEVELOPMENT_TEAM = 684HF2X5AW;
				INFOPLIST_FILE = "Darwin-iOSTests/Info.plist";
				LD_RUNPATH_SEARCH_PATHS = (
					"$(inherited)",
					"@executable_path/Frameworks",
					"@loader_path/Frameworks",
				);
				PRODUCT_BUNDLE_IDENTIFIER = "Darwin.Darwin-iOSTests";
				PRODUCT_NAME = "$(TARGET_NAME)";
				SWIFT_VERSION = 4.0;
				TARGETED_DEVICE_FAMILY = "1,2";
				TEST_HOST = "$(BUILT_PRODUCTS_DIR)/Darwin-iOS.app/Darwin-iOS";
			};
			name = Release;
		};
		A5E0B10C20F1856600F00F43 /* Debug */ = {
			isa = XCBuildConfiguration;
			buildSettings = {
				ALWAYS_EMBED_SWIFT_STANDARD_LIBRARIES = YES;
				CODE_SIGN_STYLE = Automatic;
				DEVELOPMENT_TEAM = 684HF2X5AW;
				INFOPLIST_FILE = "Darwin-iOSUITests/Info.plist";
				LD_RUNPATH_SEARCH_PATHS = (
					"$(inherited)",
					"@executable_path/Frameworks",
					"@loader_path/Frameworks",
				);
				PRODUCT_BUNDLE_IDENTIFIER = "Darwin.Darwin-iOSUITests";
				PRODUCT_NAME = "$(TARGET_NAME)";
				SWIFT_VERSION = 4.0;
				TARGETED_DEVICE_FAMILY = "1,2";
				TEST_TARGET_NAME = "Darwin-iOS";
			};
			name = Debug;
		};
		A5E0B10D20F1856600F00F43 /* Release */ = {
			isa = XCBuildConfiguration;
			buildSettings = {
				ALWAYS_EMBED_SWIFT_STANDARD_LIBRARIES = YES;
				CODE_SIGN_STYLE = Automatic;
				DEVELOPMENT_TEAM = 684HF2X5AW;
				INFOPLIST_FILE = "Darwin-iOSUITests/Info.plist";
				LD_RUNPATH_SEARCH_PATHS = (
					"$(inherited)",
					"@executable_path/Frameworks",
					"@loader_path/Frameworks",
				);
				PRODUCT_BUNDLE_IDENTIFIER = "Darwin.Darwin-iOSUITests";
				PRODUCT_NAME = "$(TARGET_NAME)";
				SWIFT_VERSION = 4.0;
				TARGETED_DEVICE_FAMILY = "1,2";
				TEST_TARGET_NAME = "Darwin-iOS";
			};
			name = Release;
		};
/* End XCBuildConfiguration section */

/* Begin XCConfigurationList section */
		A5E0B0D520F1856600F00F43 /* Build configuration list for PBXProject "Darwin-iOS" */ = {
			isa = XCConfigurationList;
			buildConfigurations = (
				A5E0B10320F1856600F00F43 /* Debug */,
				A5E0B10420F1856600F00F43 /* Release */,
			);
			defaultConfigurationIsVisible = 0;
			defaultConfigurationName = Release;
		};
		A5E0B10520F1856600F00F43 /* Build configuration list for PBXNativeTarget "Darwin-iOS" */ = {
			isa = XCConfigurationList;
			buildConfigurations = (
				A5E0B10620F1856600F00F43 /* Debug */,
				A5E0B10720F1856600F00F43 /* Release */,
			);
			defaultConfigurationIsVisible = 0;
			defaultConfigurationName = Release;
		};
		A5E0B10820F1856600F00F43 /* Build configuration list for PBXNativeTarget "Darwin-iOSTests" */ = {
			isa = XCConfigurationList;
			buildConfigurations = (
				A5E0B10920F1856600F00F43 /* Debug */,
				A5E0B10A20F1856600F00F43 /* Release */,
			);
			defaultConfigurationIsVisible = 0;
			defaultConfigurationName = Release;
		};
		A5E0B10B20F1856600F00F43 /* Build configuration list for PBXNativeTarget "Darwin-iOSUITests" */ = {
			isa = XCConfigurationList;
			buildConfigurations = (
				A5E0B10C20F1856600F00F43 /* Debug */,
				A5E0B10D20F1856600F00F43 /* Release */,
			);
			defaultConfigurationIsVisible = 0;
			defaultConfigurationName = Release;
		};
/* End XCConfigurationList section */

/* Begin XCVersionGroup section */
		A5E0B0E420F1856600F00F43 /* Darwin_iOS.xcdatamodeld */ = {
			isa = XCVersionGroup;
			children = (
				A5E0B0E520F1856600F00F43 /* Darwin_iOS.xcdatamodel */,
			);
			currentVersion = A5E0B0E520F1856600F00F43 /* Darwin_iOS.xcdatamodel */;
			path = Darwin_iOS.xcdatamodeld;
			sourceTree = "<group>";
			versionGroupType = wrapper.xcdatamodel;
		};
/* End XCVersionGroup section */
	};
	rootObject = A5E0B0D220F1856600F00F43 /* Project object */;
}
